<?xml version="1.0" encoding="utf-8"?>
<Project ToolsVersion="4.0" xmlns="http://schemas.microsoft.com/developer/msbuild/2003">
  <ItemGroup>
    <Filter Include="Source Files">
      <UniqueIdentifier>{4FC737F1-C7A5-4376-A066-2A32D752A2FF}</UniqueIdentifier>
      <Extensions>cpp;c;cc;cxx;def;odl;idl;hpj;bat;asm;asmx</Extensions>
    </Filter>
    <Filter Include="Header Files">
      <UniqueIdentifier>{93995380-89BD-4b04-88EB-625FBE52EBFB}</UniqueIdentifier>
      <Extensions>h;hh;hpp;hxx;hm;inl;inc;xsd</Extensions>
    </Filter>
    <Filter Include="Resource Files">
      <UniqueIdentifier>{67DA6AB6-F800-4c08-8B7A-83BB121AAD01}</UniqueIdentifier>
      <Extensions>rc;ico;cur;bmp;dlg;rc2;rct;bin;rgs;gif;jpg;jpeg;jpe;resx;tiff;tif;png;wav;mfcribbon-ms</Extensions>
    </Filter>
  </ItemGroup>
  <ItemGroup>
    <Text Include="ReadMe.txt" />
  </ItemGroup>
  <ItemGroup>
    <ClCompile Include="address_range.cpp">
      <Filter>Source Files</Filter>
    </ClCompile>
    <ClCompile Include="arp.cpp">
      <Filter>Source Files</Filter>
    </ClCompile>
    <ClCompile Include="bootp.cpp">
      <Filter>Source Files</Filter>
    </ClCompile>
    <ClCompile Include="crypto.cpp">
      <Filter>Source Files</Filter>
    </ClCompile>
    <ClCompile Include="dhcp.cpp">
      <Filter>Source Files</Filter>
    </ClCompile>
    <ClCompile Include="dhcpv6.cpp">
      <Filter>Source Files</Filter>
    </ClCompile>
    <ClCompile Include="dns.cpp">
      <Filter>Source Files</Filter>
    </ClCompile>
    <ClCompile Include="dot1q.cpp">
      <Filter>Source Files</Filter>
    </ClCompile>
    <ClCompile Include="dot3.cpp">
      <Filter>Source Files</Filter>
    </ClCompile>
    <ClCompile Include="dot11_assoc.cpp">
      <Filter>Source Files</Filter>
    </ClCompile>
    <ClCompile Include="dot11_auth.cpp">
      <Filter>Source Files</Filter>
    </ClCompile>
    <ClCompile Include="dot11_base.cpp">
      <Filter>Source Files</Filter>
    </ClCompile>
    <ClCompile Include="dot11_beacon.cpp">
      <Filter>Source Files</Filter>
    </ClCompile>
    <ClCompile Include="dot11_control.cpp">
      <Filter>Source Files</Filter>
    </ClCompile>
    <ClCompile Include="dot11_data.cpp">
      <Filter>Source Files</Filter>
    </ClCompile>
    <ClCompile Include="dot11_mgmt.cpp">
      <Filter>Source Files</Filter>
    </ClCompile>
    <ClCompile Include="dot11_probe.cpp">
      <Filter>Source Files</Filter>
    </ClCompile>
    <ClCompile Include="eapol.cpp">
      <Filter>Source Files</Filter>
    </ClCompile>
    <ClCompile Include="ethernetII.cpp">
      <Filter>Source Files</Filter>
    </ClCompile>
    <ClCompile Include="handshake_capturer.cpp">
      <Filter>Source Files</Filter>
    </ClCompile>
    <ClCompile Include="icmp.cpp">
      <Filter>Source Files</Filter>
    </ClCompile>
    <ClCompile Include="icmpv6.cpp">
      <Filter>Source Files</Filter>
    </ClCompile>
    <ClCompile Include="internals.cpp">
      <Filter>Source Files</Filter>
    </ClCompile>
    <ClCompile Include="ip.cpp">
      <Filter>Source Files</Filter>
    </ClCompile>
    <ClCompile Include="ip_address.cpp">
      <Filter>Source Files</Filter>
    </ClCompile>
    <ClCompile Include="ip_reassembler.cpp">
      <Filter>Source Files</Filter>
    </ClCompile>
    <ClCompile Include="ipsec.cpp">
      <Filter>Source Files</Filter>
    </ClCompile>
    <ClCompile Include="ipv6.cpp">
      <Filter>Source Files</Filter>
    </ClCompile>
    <ClCompile Include="ipv6_address.cpp">
      <Filter>Source Files</Filter>
    </ClCompile>
    <ClCompile Include="llc.cpp">
      <Filter>Source Files</Filter>
    </ClCompile>
    <ClCompile Include="loopback.cpp">
      <Filter>Source Files</Filter>
    </ClCompile>
    <ClCompile Include="network_interface.cpp">
      <Filter>Source Files</Filter>
    </ClCompile>
    <ClCompile Include="offline_packet_filter.cpp">
      <Filter>Source Files</Filter>
    </ClCompile>
    <ClCompile Include="packet_sender.cpp">
      <Filter>Source Files</Filter>
    </ClCompile>
    <ClCompile Include="packet_writer.cpp">
      <Filter>Source Files</Filter>
    </ClCompile>
    <ClCompile Include="pdu.cpp">
      <Filter>Source Files</Filter>
    </ClCompile>
    <ClCompile Include="pktap.cpp">
      <Filter>Source Files</Filter>
    </ClCompile>
    <ClCompile Include="portscan.cpp">
      <Filter>Source Files</Filter>
    </ClCompile>
    <ClCompile Include="ppi.cpp">
      <Filter>Source Files</Filter>
    </ClCompile>
    <ClCompile Include="pppoe.cpp">
      <Filter>Source Files</Filter>
    </ClCompile>
    <ClCompile Include="radiotap.cpp">
      <Filter>Source Files</Filter>
    </ClCompile>
    <ClCompile Include="rawpdu.cpp">
      <Filter>Source Files</Filter>
    </ClCompile>
    <ClCompile Include="rsn_information.cpp">
      <Filter>Source Files</Filter>
    </ClCompile>
    <ClCompile Include="sll.cpp">
      <Filter>Source Files</Filter>
    </ClCompile>
    <ClCompile Include="snap.cpp">
      <Filter>Source Files</Filter>
    </ClCompile>
    <ClCompile Include="sniffer.cpp">
      <Filter>Source Files</Filter>
    </ClCompile>
    <ClCompile Include="stp.cpp">
      <Filter>Source Files</Filter>
    </ClCompile>
    <ClCompile Include="tcp.cpp">
      <Filter>Source Files</Filter>
    </ClCompile>
    <ClCompile Include="tcp_stream.cpp">
      <Filter>Source Files</Filter>
    </ClCompile>
    <ClCompile Include="udp.cpp">
      <Filter>Source Files</Filter>
    </ClCompile>
    <ClCompile Include="utils.cpp">
      <Filter>Source Files</Filter>
    </ClCompile>
  </ItemGroup>
  <ItemGroup>
    <ClInclude Include="address_range.h">
      <Filter>Header Files</Filter>
    </ClInclude>
    <ClInclude Include="arp.h">
      <Filter>Header Files</Filter>
    </ClInclude>
    <ClInclude Include="bootp.h">
      <Filter>Header Files</Filter>
    </ClInclude>
    <ClInclude Include="config.h">
      <Filter>Header Files</Filter>
    </ClInclude>
    <ClInclude Include="constants.h">
      <Filter>Header Files</Filter>
    </ClInclude>
    <ClInclude Include="crypto.h">
      <Filter>Header Files</Filter>
    </ClInclude>
    <ClInclude Include="cxxstd.h">
      <Filter>Header Files</Filter>
    </ClInclude>
    <ClInclude Include="data_link_type.h">
      <Filter>Header Files</Filter>
    </ClInclude>
    <ClInclude Include="dhcp.h">
      <Filter>Header Files</Filter>
    </ClInclude>
    <ClInclude Include="dhcpv6.h">
      <Filter>Header Files</Filter>
    </ClInclude>
    <ClInclude Include="dns.h">
      <Filter>Header Files</Filter>
    </ClInclude>
    <ClInclude Include="dot1q.h">
      <Filter>Header Files</Filter>
    </ClInclude>
    <ClInclude Include="dot3.h">
      <Filter>Header Files</Filter>
    </ClInclude>
    <ClInclude Include="dot11.h">
      <Filter>Header Files</Filter>
    </ClInclude>
    <ClInclude Include="dot11_assoc.h">
      <Filter>Header Files</Filter>
    </ClInclude>
    <ClInclude Include="dot11_auth.h">
      <Filter>Header Files</Filter>
    </ClInclude>
    <ClInclude Include="dot11_base.h">
      <Filter>Header Files</Filter>
    </ClInclude>
    <ClInclude Include="dot11_beacon.h">
      <Filter>Header Files</Filter>
    </ClInclude>
    <ClInclude Include="dot11_control.h">
      <Filter>Header Files</Filter>
    </ClInclude>
    <ClInclude Include="dot11_data.h">
      <Filter>Header Files</Filter>
    </ClInclude>
    <ClInclude Include="dot11_mgmt.h">
      <Filter>Header Files</Filter>
    </ClInclude>
    <ClInclude Include="dot11_probe.h">
      <Filter>Header Files</Filter>
    </ClInclude>
    <ClInclude Include="eapol.h">
      <Filter>Header Files</Filter>
    </ClInclude>
    <ClInclude Include="endianness.h">
      <Filter>Header Files</Filter>
    </ClInclude>
    <ClInclude Include="ethernetII.h">
      <Filter>Header Files</Filter>
    </ClInclude>
    <ClInclude Include="exceptions.h">
      <Filter>Header Files</Filter>
    </ClInclude>
    <ClInclude Include="handshake_capturer.h">
      <Filter>Header Files</Filter>
    </ClInclude>
    <ClInclude Include="hw_address.h">
      <Filter>Header Files</Filter>
    </ClInclude>
    <ClInclude Include="icmp.h">
      <Filter>Header Files</Filter>
    </ClInclude>
    <ClInclude Include="icmpv6.h">
      <Filter>Header Files</Filter>
    </ClInclude>
    <ClInclude Include="ieee802_3.h">
      <Filter>Header Files</Filter>
    </ClInclude>
    <ClInclude Include="internals.h">
      <Filter>Header Files</Filter>
    </ClInclude>
    <ClInclude Include="ip.h">
      <Filter>Header Files</Filter>
    </ClInclude>
    <ClInclude Include="ip_address.h">
      <Filter>Header Files</Filter>
    </ClInclude>
    <ClInclude Include="ip_reassembler.h">
      <Filter>Header Files</Filter>
    </ClInclude>
    <ClInclude Include="ipsec.h">
      <Filter>Header Files</Filter>
    </ClInclude>
    <ClInclude Include="ipv6.h">
      <Filter>Header Files</Filter>
    </ClInclude>
    <ClInclude Include="ipv6_address.h">
      <Filter>Header Files</Filter>
    </ClInclude>
    <ClInclude Include="llc.h">
      <Filter>Header Files</Filter>
    </ClInclude>
    <ClInclude Include="loopback.h">
      <Filter>Header Files</Filter>
    </ClInclude>
    <ClInclude Include="macros.h">
      <Filter>Header Files</Filter>
    </ClInclude>
    <ClInclude Include="network_interface.h">
      <Filter>Header Files</Filter>
    </ClInclude>
    <ClInclude Include="offline_packet_filter.h">
      <Filter>Header Files</Filter>
    </ClInclude>
    <ClInclude Include="packet.h">
      <Filter>Header Files</Filter>
    </ClInclude>
    <ClInclude Include="packet_sender.h">
      <Filter>Header Files</Filter>
    </ClInclude>
    <ClInclude Include="packet_writer.h">
      <Filter>Header Files</Filter>
    </ClInclude>
    <ClInclude Include="pdu.h">
      <Filter>Header Files</Filter>
    </ClInclude>
    <ClInclude Include="pdu_allocator.h">
      <Filter>Header Files</Filter>
    </ClInclude>
    <ClInclude Include="pdu_cacher.h">
      <Filter>Header Files</Filter>
    </ClInclude>
    <ClInclude Include="pdu_option.h">
      <Filter>Header Files</Filter>
    </ClInclude>
    <ClInclude Include="pktap.h">
      <Filter>Header Files</Filter>
    </ClInclude>
    <ClInclude Include="ppi.h">
      <Filter>Header Files</Filter>
    </ClInclude>
    <ClInclude Include="pppoe.h">
      <Filter>Header Files</Filter>
    </ClInclude>
    <ClInclude Include="radiotap.h">
      <Filter>Header Files</Filter>
    </ClInclude>
    <ClInclude Include="rawpdu.h">
      <Filter>Header Files</Filter>
    </ClInclude>
    <ClInclude Include="rsn_information.h">
      <Filter>Header Files</Filter>
    </ClInclude>
    <ClInclude Include="sll.h">
      <Filter>Header Files</Filter>
    </ClInclude>
    <ClInclude Include="small_uint.h">
      <Filter>Header Files</Filter>
    </ClInclude>
    <ClInclude Include="snap.h">
      <Filter>Header Files</Filter>
    </ClInclude>
    <ClInclude Include="sniffer.h">
      <Filter>Header Files</Filter>
    </ClInclude>
    <ClInclude Include="stp.h">
      <Filter>Header Files</Filter>
    </ClInclude>
    <ClInclude Include="tcp.h">
      <Filter>Header Files</Filter>
    </ClInclude>
    <ClInclude Include="tcp_stream.h">
      <Filter>Header Files</Filter>
    </ClInclude>
    <ClInclude Include="timestamp.h">
      <Filter>Header Files</Filter>
    </ClInclude>
    <ClInclude Include="tins.h">
      <Filter>Header Files</Filter>
    </ClInclude>
    <ClInclude Include="udp.h">
      <Filter>Header Files</Filter>
    </ClInclude>
    <ClInclude Include="unistd.h">
      <Filter>Header Files</Filter>
    </ClInclude>
    <ClInclude Include="utils.h">
      <Filter>Header Files</Filter>
    </ClInclude>
  </ItemGroup>
</Project>